
Microsoft Visual Studio Solution File, Format Version 12.00
# Visual Studio Version 17
VisualStudioVersion = 17.8.34316.72
MinimumVisualStudioVersion = 10.0.40219.1
Project("{FAE04EC0-301F-11D3-BF4B-00C04F79EFBC}") = "EpicArenaFightOO", "EpicArenaFightOO\EpicArenaFightOO.csproj", "{45AFE302-C43B-42FC-94B1-E340BA76C4D7}"
EndProject
Global
	GlobalSection(SolutionConfigurationPlatforms) = preSolution
		Debug|Any CPU = Debug|Any CPU
		Release|Any CPU = Release|Any CPU
	EndGlobalSection
	GlobalSection(ProjectConfigurationPlatforms) = postSolution
		{45AFE302-C43B-42FC-94B1-E340BA76C4D7}.Debug|Any CPU.ActiveCfg = Debug|Any CPU
		{45AFE302-C43B-42FC-94B1-E340BA76C4D7}.Debug|Any CPU.Build.0 = Debug|Any CPU
		{45AFE302-C43B-42FC-94B1-E340BA76C4D7}.Release|Any CPU.ActiveCfg = Release|Any CPU
		{45AFE302-C43B-42FC-94B1-E340BA76C4D7}.Release|Any CPU.Build.0 = Release|Any CPU
	EndGlobalSection
	GlobalSection(SolutionProperties) = preSolution
		HideSolutionNode = FALSE
	EndGlobalSection
	GlobalSection(ExtensibilityGlobals) = postSolution
		SolutionGuid = {8074D419-9FEF-4F1E-8920-1C12990E8280}
	EndGlobalSection
EndGlobal
